{
    "name": "summernote",
    "version": "0.8.20",
    "lockfileVersion": 3,
    "requires": true,
    "packages": {
        "": {
            "name": "summernote",
            "version": "0.8.20",
            "dependencies": {
                "summernote": "file:"
            }
        },
        "node_modules/summernote": {
            "resolved": "",
            "link": true
        }
    }
}
